PATH
  remote: .
  specs:
    silk (0.1.0)
      ruby-vips (~> 2.3)
      zeitwerk (~> 2.7)

GEM
  remote: https://rubygems.org/
  specs:
    benchmark-ips (2.14.0)
    ffi (1.17.3)
    ffi (1.17.3-aarch64-linux-gnu)
    ffi (1.17.3-aarch64-linux-musl)
    ffi (1.17.3-aarch64-mingw-ucrt)
    ffi (1.17.3-arm-linux-gnu)
    ffi (1.17.3-arm-linux-musl)
    ffi (1.17.3-arm64-darwin)
    ffi (1.17.3-x86-linux-gnu)
    ffi (1.17.3-x86-linux-musl)
    ffi (1.17.3-x86_64-darwin)
    ffi (1.17.3-x86_64-linux-gnu)
    ffi (1.17.3-x86_64-linux-musl)
    logger (1.7.0)
    minitest (6.0.1)
      prism (~> 1.5)
    prism (1.8.0)
    rake (13.3.1)
    ruby-vips (2.3.0)
      ffi (~> 1.12)
      logger
    zeitwerk (2.7.4)

PLATFORMS
  aarch64-linux-gnu
  aarch64-linux-musl
  aarch64-mingw-ucrt
  arm-linux-gnu
  arm-linux-musl
  arm64-darwin
  ruby
  x86-linux-gnu
  x86-linux-musl
  x86_64-darwin
  x86_64-linux-gnu
  x86_64-linux-musl

DEPENDENCIES
  benchmark-ips
  minitest (~> 6.0)
  rake (~> 13.0)
  silk!

BUNDLED WITH
   2.6.2
